// !$*UTF8*$!
{
	archiveVersion = 1;
	classes = {
	};
	objectVersion = 46;
	objects = {

/* Begin PBXBuildFile section */
		885B7FA11BF233E500B7394D /* main.m in Sources */ = {isa = PBXBuildFile; fileRef = 885B7FA01BF233E500B7394D /* main.m */; };
		885B7FA41BF233E500B7394D /* AppDelegate.m in Sources */ = {isa = PBXBuildFile; fileRef = 885B7FA31BF233E500B7394D /* AppDelegate.m */; };
		885B7FA71BF233E500B7394D /* ViewController.m in Sources */ = {isa = PBXBuildFile; fileRef = 885B7FA61BF233E500B7394D /* ViewController.m */; };
		885B7FAA1BF233E500B7394D /* Main.storyboard in Resources */ = {isa = PBXBuildFile; fileRef = 885B7FA81BF233E500B7394D /* Main.storyboard */; };
		885B7FAC1BF233E500B7394D /* Assets.xcassets in Resources */ = {isa = PBXBuildFile; fileRef = 885B7FAB1BF233E500B7394D /* Assets.xcassets */; };
		885B7FAF1BF233E500B7394D /* LaunchScreen.storyboard in Resources */ = {isa = PBXBuildFile; fileRef = 885B7FAD1BF233E500B7394D /* LaunchScreen.storyboard */; };
		885B7FBA1BF233E500B7394D /* DemoLocalizationTests.m in Sources */ = {isa = PBXBuildFile; fileRef = 885B7FB91BF233E500B7394D /* DemoLocalizationTests.m */; };
		885B7FC81BF2350C00B7394D /* Localizable.strings in Resources */ = {isa = PBXBuildFile; fileRef = 885B7FCA1BF2350C00B7394D /* Localizable.strings */; };
/* End PBXBuildFile section */

/* Begin PBXContainerItemProxy section */
		885B7FB61BF233E500B7394D /* PBXContainerItemProxy */ = {
			isa = PBXContainerItemProxy;
			containerPortal = 885B7F941BF233E500B7394D /* Project object */;
			proxyType = 1;
			remoteGlobalIDString = 885B7F9B1BF233E500B7394D;
			remoteInfo = DemoLocalization;
		};
/* End PBXContainerItemProxy section */

/* Begin PBXFileReference section */
		885B7F9C1BF233E500B7394D /* DemoLocalization.app */ = {isa = PBXFileReference; explicitFileType = wrapper.application; includeInIndex = 0; path = DemoLocalization.app; sourceTree = BUILT_PRODUCTS_DIR; };
		885B7FA01BF233E500B7394D /* main.m */ = {isa = PBXFileReference; lastKnownFileType = sourcecode.c.objc; path = main.m; sourceTree = "<group>"; };
		885B7FA21BF233E500B7394D /* AppDelegate.h */ = {isa = PBXFileReference; lastKnownFileType = sourcecode.c.h; path = AppDelegate.h; sourceTree = "<group>"; };
		885B7FA31BF233E500B7394D /* AppDelegate.m */ = {isa = PBXFileReference; lastKnownFileType = sourcecode.c.objc; path = AppDelegate.m; sourceTree = "<group>"; };
		885B7FA51BF233E500B7394D /* ViewController.h */ = {isa = PBXFileReference; lastKnownFileType = sourcecode.c.h; path = ViewController.h; sourceTree = "<group>"; };
		885B7FA61BF233E500B7394D /* ViewController.m */ = {isa = PBXFileReference; lastKnownFileType = sourcecode.c.objc; path = ViewController.m; sourceTree = "<group>"; };
		885B7FA91BF233E500B7394D /* Base */ = {isa = PBXFileReference; lastKnownFileType = file.storyboard; name = Base; path = Base.lproj/Main.storyboard; sourceTree = "<group>"; };
		885B7FAB1BF233E500B7394D /* Assets.xcassets */ = {isa = PBXFileReference; lastKnownFileType = folder.assetcatalog; path = Assets.xcassets; sourceTree = "<group>"; };
		885B7FAE1BF233E500B7394D /* Base */ = {isa = PBXFileReference; lastKnownFileType = file.storyboard; name = Base; path = Base.lproj/LaunchScreen.storyboard; sourceTree = "<group>"; };
		885B7FB01BF233E500B7394D /* Info.plist */ = {isa = PBXFileReference; lastKnownFileType = text.plist.xml; path = Info.plist; sourceTree = "<group>"; };
		885B7FB51BF233E500B7394D /* DemoLocalizationTests.xctest */ = {isa = PBXFileReference; explicitFileType = wrapper.cfbundle; includeInIndex = 0; path = DemoLocalizationTests.xctest; sourceTree = BUILT_PRODUCTS_DIR; };
		885B7FB91BF233E500B7394D /* DemoLocalizationTests.m */ = {isa = PBXFileReference; lastKnownFileType = sourcecode.c.objc; path = DemoLocalizationTests.m; sourceTree = "<group>"; };
		885B7FBB1BF233E500B7394D /* Info.plist */ = {isa = PBXFileReference; lastKnownFileType = text.plist.xml; path = Info.plist; sourceTree = "<group>"; };
		885B7FC91BF2350C00B7394D /* Base */ = {isa = PBXFileReference; lastKnownFileType = text.plist.strings; name = Base; path = Base.lproj/Localizable.strings; sourceTree = "<group>"; };
		885B7FCB1BF2351800B7394D /* ja */ = {isa = PBXFileReference; lastKnownFileType = text.plist.strings; name = ja; path = ja.lproj/Localizable.strings; sourceTree = "<group>"; };
		885B7FCC1BF2352700B7394D /* vi */ = {isa = PBXFileReference; lastKnownFileType = text.plist.strings; name = vi; path = vi.lproj/Localizable.strings; sourceTree = "<group>"; };
/* End PBXFileReference section */

/* Begin PBXFrameworksBuildPhase section */
		885B7F991BF233E500B7394D /* Frameworks */ = {
			isa = PBXFrameworksBuildPhase;
			buildActionMask = 2147483647;
			files = (
			);
			runOnlyForDeploymentPostprocessing = 0;
		};
		885B7FB21BF233E500B7394D /* Frameworks */ = {
			isa = PBXFrameworksBuildPhase;
			buildActionMask = 2147483647;
			files = (
			);
			runOnlyForDeploymentPostprocessing = 0;
		};
/* End PBXFrameworksBuildPhase section */

/* Begin PBXGroup section */
		885B7F931BF233E500B7394D = {
			isa = PBXGroup;
			children = (
				885B7F9E1BF233E500B7394D /* DemoLocalization */,
				885B7FB81BF233E500B7394D /* DemoLocalizationTests */,
				885B7F9D1BF233E500B7394D /* Products */,
			);
			sourceTree = "<group>";
		};
		885B7F9D1BF233E500B7394D /* Products */ = {
			isa = PBXGroup;
			children = (
				885B7F9C1BF233E500B7394D /* DemoLocalization.app */,
				885B7FB51BF233E500B7394D /* DemoLocalizationTests.xctest */,
			);
			name = Products;
			sourceTree = "<group>";
		};
		885B7F9E1BF233E500B7394D /* DemoLocalization */ = {
			isa = PBXGroup;
			children = (
				885B7FA21BF233E500B7394D /* AppDelegate.h */,
				885B7FA31BF233E500B7394D /* AppDelegate.m */,
				885B7FA51BF233E500B7394D /* ViewController.h */,
				885B7FA61BF233E500B7394D /* ViewController.m */,
				885B7FA81BF233E500B7394D /* Main.storyboard */,
				885B7FAB1BF233E500B7394D /* Assets.xcassets */,
				885B7FAD1BF233E500B7394D /* LaunchScreen.storyboard */,
				885B7FB01BF233E500B7394D /* Info.plist */,
				885B7FCA1BF2350C00B7394D /* Localizable.strings */,
				885B7F9F1BF233E500B7394D /* Supporting Files */,
			);
			path = DemoLocalization;
			sourceTree = "<group>";
		};
		885B7F9F1BF233E500B7394D /* Supporting Files */ = {
			isa = PBXGroup;
			children = (
				885B7FA01BF233E500B7394D /* main.m */,
			);
			name = "Supporting Files";
			sourceTree = "<group>";
		};
		885B7FB81BF233E500B7394D /* DemoLocalizationTests */ = {
			isa = PBXGroup;
			children = (
				885B7FB91BF233E500B7394D /* DemoLocalizationTests.m */,
				885B7FBB1BF233E500B7394D /* Info.plist */,
			);
			path = DemoLocalizationTests;
			sourceTree = "<group>";
		};
/* End PBXGroup section */

/* Begin PBXNativeTarget section */
		885B7F9B1BF233E500B7394D /* DemoLocalization */ = {
			isa = PBXNativeTarget;
			buildConfigurationList = 885B7FBE1BF233E500B7394D /* Build configuration list for PBXNativeTarget "DemoLocalization" */;
			buildPhases = (
				885B7FCF1BF237DF00B7394D /* Localizable */,
				885B7F981BF233E500B7394D /* Sources */,
				885B7F991BF233E500B7394D /* Frameworks */,
				885B7F9A1BF233E500B7394D /* Resources */,
			);
			buildRules = (
			);
			dependencies = (
			);
			name = DemoLocalization;
			productName = DemoLocalization;
			productReference = 885B7F9C1BF233E500B7394D /* DemoLocalization.app */;
			productType = "com.apple.product-type.application";
		};
		885B7FB41BF233E500B7394D /* DemoLocalizationTests */ = {
			isa = PBXNativeTarget;
			buildConfigurationList = 885B7FC11BF233E500B7394D /* Build configuration list for PBXNativeTarget "DemoLocalizationTests" */;
			buildPhases = (
				885B7FB11BF233E500B7394D /* Sources */,
				885B7FB21BF233E500B7394D /* Frameworks */,
				885B7FB31BF233E500B7394D /* Resources */,
			);
			buildRules = (
			);
			dependencies = (
				885B7FB71BF233E500B7394D /* PBXTargetDependency */,
			);
			name = DemoLocalizationTests;
			productName = DemoLocalizationTests;
			productReference = 885B7FB51BF233E500B7394D /* DemoLocalizationTests.xctest */;
			productType = "com.apple.product-type.bundle.unit-test";
		};
/* End PBXNativeTarget section */

/* Begin PBXProject section */
		885B7F941BF233E500B7394D /* Project object */ = {
			isa = PBXProject;
			attributes = {
				LastUpgradeCheck = 0700;
				ORGANIZATIONNAME = AirFile;
				TargetAttributes = {
					885B7F9B1BF233E500B7394D = {
						CreatedOnToolsVersion = 7.0;
					};
					885B7FB41BF233E500B7394D = {
						CreatedOnToolsVersion = 7.0;
						TestTargetID = 885B7F9B1BF233E500B7394D;
					};
				};
			};
			buildConfigurationList = 885B7F971BF233E500B7394D /* Build configuration list for PBXProject "DemoLocalization" */;
			compatibilityVersion = "Xcode 3.2";
			developmentRegion = English;
			hasScannedForEncodings = 0;
			knownRegions = (
				en,
				Base,
				ja,
				vi,
			);
			mainGroup = 885B7F931BF233E500B7394D;
			productRefGroup = 885B7F9D1BF233E500B7394D /* Products */;
			projectDirPath = "";
			projectRoot = "";
			targets = (
				885B7F9B1BF233E500B7394D /* DemoLocalization */,
				885B7FB41BF233E500B7394D /* DemoLocalizationTests */,
			);
		};
/* End PBXProject section */

/* Begin PBXResourcesBuildPhase section */
		885B7F9A1BF233E500B7394D /* Resources */ = {
			isa = PBXResourcesBuildPhase;
			buildActionMask = 2147483647;
			files = (
				885B7FAF1BF233E500B7394D /* LaunchScreen.storyboard in Resources */,
				885B7FC81BF2350C00B7394D /* Localizable.strings in Resources */,
				885B7FAC1BF233E500B7394D /* Assets.xcassets in Resources */,
				885B7FAA1BF233E500B7394D /* Main.storyboard in Resources */,
			);
			runOnlyForDeploymentPostprocessing = 0;
		};
		885B7FB31BF233E500B7394D /* Resources */ = {
			isa = PBXResourcesBuildPhase;
			buildActionMask = 2147483647;
			files = (
			);
			runOnlyForDeploymentPostprocessing = 0;
		};
/* End PBXResourcesBuildPhase section */

/* Begin PBXShellScriptBuildPhase section */
		885B7FCF1BF237DF00B7394D /* Localizable */ = {
			isa = PBXShellScriptBuildPhase;
			buildActionMask = 2147483647;
			files = (
			);
			inputPaths = (
			);
			name = Localizable;
			outputPaths = (
			);
			runOnlyForDeploymentPostprocessing = 0;
			shellPath = /bin/sh;
			shellScript = "export LANG=en_US.UTF-8\nexport LC_ALL=en_US.UTF-8\n\n./localize.rb";
		};
/* End PBXShellScriptBuildPhase section */

/* Begin PBXSourcesBuildPhase section */
		885B7F981BF233E500B7394D /* Sources */ = {
			isa = PBXSourcesBuildPhase;
			buildActionMask = 2147483647;
			files = (
				885B7FA71BF233E500B7394D /* ViewController.m in Sources */,
				885B7FA41BF233E500B7394D /* AppDelegate.m in Sources */,
				885B7FA11BF233E500B7394D /* main.m in Sources */,
			);
			runOnlyForDeploymentPostprocessing = 0;
		};
		885B7FB11BF233E500B7394D /* Sources */ = {
			isa = PBXSourcesBuildPhase;
			buildActionMask = 2147483647;
			files = (
				885B7FBA1BF233E500B7394D /* DemoLocalizationTests.m in Sources */,
			);
			runOnlyForDeploymentPostprocessing = 0;
		};
/* End PBXSourcesBuildPhase section */

/* Begin PBXTargetDependency section */
		885B7FB71BF233E500B7394D /* PBXTargetDependency */ = {
			isa = PBXTargetDependency;
			target = 885B7F9B1BF233E500B7394D /* DemoLocalization */;
			targetProxy = 885B7FB61BF233E500B7394D /* PBXContainerItemProxy */;
		};
/* End PBXTargetDependency section */

/* Begin PBXVariantGroup section */
		885B7FA81BF233E500B7394D /* Main.storyboard */ = {
			isa = PBXVariantGroup;
			children = (
				885B7FA91BF233E500B7394D /* Base */,
			);
			name = Main.storyboard;
			sourceTree = "<group>";
		};
		885B7FAD1BF233E500B7394D /* LaunchScreen.storyboard */ = {
			isa = PBXVariantGroup;
			children = (
				885B7FAE1BF233E500B7394D /* Base */,
			);
			name = LaunchScreen.storyboard;
			sourceTree = "<group>";
		};
		885B7FCA1BF2350C00B7394D /* Localizable.strings */ = {
			isa = PBXVariantGroup;
			children = (
				885B7FC91BF2350C00B7394D /* Base */,
				885B7FCB1BF2351800B7394D /* ja */,
				885B7FCC1BF2352700B7394D /* vi */,
			);
			name = Localizable.strings;
			sourceTree = "<group>";
		};
/* End PBXVariantGroup section */

/* Begin XCBuildConfiguration section */
		885B7FBC1BF233E500B7394D /* Debug */ = {
			isa = XCBuildConfiguration;
			buildSettings = {
				ALWAYS_SEARCH_USER_PATHS = NO;
				CLANG_CXX_LANGUAGE_STANDARD = "gnu++0x";
				CLANG_CXX_LIBRARY = "libc++";
				CLANG_ENABLE_MODULES = YES;
				CLANG_ENABLE_OBJC_ARC = YES;
				CLANG_WARN_BOOL_CONVERSION = YES;
				CLANG_WARN_CONSTANT_CONVERSION = YES;
				CLANG_WARN_DIRECT_OBJC_ISA_USAGE = YES_ERROR;
				CLANG_WARN_EMPTY_BODY = YES;
				CLANG_WARN_ENUM_CONVERSION = YES;
				CLANG_WARN_INT_CONVERSION = YES;
				CLANG_WARN_OBJC_ROOT_CLASS = YES_ERROR;
				CLANG_WARN_UNREACHABLE_CODE = YES;
				CLANG_WARN__DUPLICATE_METHOD_MATCH = YES;
				"CODE_SIGN_IDENTITY[sdk=iphoneos*]" = "iPhone Developer";
				COPY_PHASE_STRIP = NO;
				DEBUG_INFORMATION_FORMAT = dwarf;
				ENABLE_STRICT_OBJC_MSGSEND = YES;
				ENABLE_TESTABILITY = YES;
				GCC_C_LANGUAGE_STANDARD = gnu99;
				GCC_DYNAMIC_NO_PIC = NO;
				GCC_NO_COMMON_BLOCKS = YES;
				GCC_OPTIMIZATION_LEVEL = 0;
				GCC_PREPROCESSOR_DEFINITIONS = (
					"DEBUG=1",
					"$(inherited)",
				);
				GCC_WARN_64_TO_32_BIT_CONVERSION = YES;
				GCC_WARN_ABOUT_RETURN_TYPE = YES_ERROR;
				GCC_WARN_UNDECLARED_SELECTOR = YES;
				GCC_WARN_UNINITIALIZED_AUTOS = YES_AGGRESSIVE;
				GCC_WARN_UNUSED_FUNCTION = YES;
				GCC_WARN_UNUSED_VARIABLE = YES;
				IPHONEOS_DEPLOYMENT_TARGET = 9.0;
				MTL_ENABLE_DEBUG_INFO = YES;
				ONLY_ACTIVE_ARCH = YES;
				SDKROOT = iphoneos;
			};
			name = Debug;
		};
		885B7FBD1BF233E500B7394D /* Release */ = {
			isa = XCBuildConfiguration;
			buildSettings = {
				ALWAYS_SEARCH_USER_PATHS = NO;
				CLANG_CXX_LANGUAGE_STANDARD = "gnu++0x";
				CLANG_CXX_LIBRARY = "libc++";
				CLANG_ENABLE_MODULES = YES;
				CLANG_ENABLE_OBJC_ARC = YES;
				CLANG_WARN_BOOL_CONVERSION = YES;
				CLANG_WARN_CONSTANT_CONVERSION = YES;
				CLANG_WARN_DIRECT_OBJC_ISA_USAGE = YES_ERROR;
				CLANG_WARN_EMPTY_BODY = YES;
				CLANG_WARN_ENUM_CONVERSION = YES;
				CLANG_WARN_INT_CONVERSION = YES;
				CLANG_WARN_OBJC_ROOT_CLASS = YES_ERROR;
				CLANG_WARN_UNREACHABLE_CODE = YES;
				CLANG_WARN__DUPLICATE_METHOD_MATCH = YES;
				"CODE_SIGN_IDENTITY[sdk=iphoneos*]" = "iPhone Developer";
				COPY_PHASE_STRIP = NO;
				DEBUG_INFORMATION_FORMAT = "dwarf-with-dsym";
				ENABLE_NS_ASSERTIONS = NO;
				ENABLE_STRICT_OBJC_MSGSEND = YES;
				GCC_C_LANGUAGE_STANDARD = gnu99;
				GCC_NO_COMMON_BLOCKS = YES;
				GCC_WARN_64_TO_32_BIT_CONVERSION = YES;
				GCC_WARN_ABOUT_RETURN_TYPE = YES_ERROR;
				GCC_WARN_UNDECLARED_SELECTOR = YES;
				GCC_WARN_UNINITIALIZED_AUTOS = YES_AGGRESSIVE;
				GCC_WARN_UNUSED_FUNCTION = YES;
				GCC_WARN_UNUSED_VARIABLE = YES;
				IPHONEOS_DEPLOYMENT_TARGET = 9.0;
				MTL_ENABLE_DEBUG_INFO = NO;
				SDKROOT = iphoneos;
				VALIDATE_PRODUCT = YES;
			};
			name = Release;
		};
		885B7FBF1BF233E500B7394D /* Debug */ = {
			isa = XCBuildConfiguration;
			buildSettings = {
				ASSETCATALOG_COMPILER_APPICON_NAME = AppIcon;
				INFOPLIST_FILE = DemoLocalization/Info.plist;
				LD_RUNPATH_SEARCH_PATHS = "$(inherited) @executable_path/Frameworks";
				PRODUCT_BUNDLE_IDENTIFIER = com.getairfile.ios.DemoLocalization;
				PRODUCT_NAME = "$(TARGET_NAME)";
			};
			name = Debug;
		};
		885B7FC01BF233E500B7394D /* Release */ = {
			isa = XCBuildConfiguration;
			buildSettings = {
				ASSETCATALOG_COMPILER_APPICON_NAME = AppIcon;
				INFOPLIST_FILE = DemoLocalization/Info.plist;
				LD_RUNPATH_SEARCH_PATHS = "$(inherited) @executable_path/Frameworks";
				PRODUCT_BUNDLE_IDENTIFIER = com.getairfile.ios.DemoLocalization;
				PRODUCT_NAME = "$(TARGET_NAME)";
			};
			name = Release;
		};
		885B7FC21BF233E500B7394D /* Debug */ = {
			isa = XCBuildConfiguration;
			buildSettings = {
				BUNDLE_LOADER = "$(TEST_HOST)";
				INFOPLIST_FILE = DemoLocalizationTests/Info.plist;
				LD_RUNPATH_SEARCH_PATHS = "$(inherited) @executable_path/Frameworks @loader_path/Frameworks";
				PRODUCT_BUNDLE_IDENTIFIER = com.getairfile.ios.DemoLocalizationTests;
				PRODUCT_NAME = "$(TARGET_NAME)";
				TEST_HOST = "$(BUILT_PRODUCTS_DIR)/DemoLocalization.app/DemoLocalization";
			};
			name = Debug;
		};
		885B7FC31BF233E500B7394D /* Release */ = {
			isa = XCBuildConfiguration;
			buildSettings = {
				BUNDLE_LOADER = "$(TEST_HOST)";
				INFOPLIST_FILE = DemoLocalizationTests/Info.plist;
				LD_RUNPATH_SEARCH_PATHS = "$(inherited) @executable_path/Frameworks @loader_path/Frameworks";
				PRODUCT_BUNDLE_IDENTIFIER = com.getairfile.ios.DemoLocalizationTests;
				PRODUCT_NAME = "$(TARGET_NAME)";
				TEST_HOST = "$(BUILT_PRODUCTS_DIR)/DemoLocalization.app/DemoLocalization";
			};
			name = Release;
		};
/* End XCBuildConfiguration section */

/* Begin XCConfigurationList section */
		885B7F971BF233E500B7394D /* Build configuration list for PBXProject "DemoLocalization" */ = {
			isa = XCConfigurationList;
			buildConfigurations = (
				885B7FBC1BF233E500B7394D /* Debug */,
				885B7FBD1BF233E500B7394D /* Release */,
			);
			defaultConfigurationIsVisible = 0;
			defaultConfigurationName = Release;
		};
		885B7FBE1BF233E500B7394D /* Build configuration list for PBXNativeTarget "DemoLocalization" */ = {
			isa = XCConfigurationList;
			buildConfigurations = (
				885B7FBF1BF233E500B7394D /* Debug */,
				885B7FC01BF233E500B7394D /* Release */,
			);
			defaultConfigurationIsVisible = 0;
		};
		885B7FC11BF233E500B7394D /* Build configuration list for PBXNativeTarget "DemoLocalizationTests" */ = {
			isa = XCConfigurationList;
			buildConfigurations = (
				885B7FC21BF233E500B7394D /* Debug */,
				885B7FC31BF233E500B7394D /* Release */,
			);
			defaultConfigurationIsVisible = 0;
		};
/* End XCConfigurationList section */
	};
	rootObject = 885B7F941BF233E500B7394D /* Project object */;
}
